
Microsoft Visual Studio Solution File, Format Version 12.00
# Visual Studio Version 17
VisualStudioVersion = 17.3.32819.101
MinimumVisualStudioVersion = 10.0.40219.1
Project("{FAE04EC0-301F-11D3-BF4B-00C04F79EFBC}") = "APPR6312_Assignment", "APPR6312_Assignment\APPR6312_Assignment.csproj", "{6DF0052B-0EB4-48FC-A903-928F03C9A646}"
EndProject
Global
	GlobalSection(SolutionConfigurationPlatforms) = preSolution
		Debug|Any CPU = Debug|Any CPU
		Release|Any CPU = Release|Any CPU
	EndGlobalSection
	GlobalSection(ProjectConfigurationPlatforms) = postSolution
		{6DF0052B-0EB4-48FC-A903-928F03C9A646}.Debug|Any CPU.ActiveCfg = Debug|Any CPU
		{6DF0052B-0EB4-48FC-A903-928F03C9A646}.Debug|Any CPU.Build.0 = Debug|Any CPU
		{6DF0052B-0EB4-48FC-A903-928F03C9A646}.Release|Any CPU.ActiveCfg = Release|Any CPU
		{6DF0052B-0EB4-48FC-A903-928F03C9A646}.Release|Any CPU.Build.0 = Release|Any CPU
	EndGlobalSection
	GlobalSection(SolutionProperties) = preSolution
		HideSolutionNode = FALSE
	EndGlobalSection
	GlobalSection(ExtensibilityGlobals) = postSolution
		SolutionGuid = {5A78A0F8-B1F2-444B-A737-FF098092CF4C}
	EndGlobalSection
EndGlobal
